
Microsoft Visual Studio Solution File, Format Version 12.00
# Visual Studio 15
VisualStudioVersion = 15.0.28307.1145
MinimumVisualStudioVersion = 10.0.40219.1
Project("{FAE04EC0-301F-11D3-BF4B-00C04F79EFBC}") = "CZBK.ItcastOA.Model", "CZBK.ItcastOA.Model\CZBK.ItcastOA.Model.csproj", "{436D3060-B250-4001-B5A4-26684B07F27B}"
EndProject
Project("{FAE04EC0-301F-11D3-BF4B-00C04F79EFBC}") = "CZBK.ItcastOA.Common", "CZBK.ItcastOA.Common\CZBK.ItcastOA.Common.csproj", "{E641D94E-6735-47F8-9D3C-224CF0C9F692}"
EndProject
Project("{FAE04EC0-301F-11D3-BF4B-00C04F79EFBC}") = "CZBK.ItcastOA.DAL", "CZBK.ItcastOA.DAL\CZBK.ItcastOA.DAL.csproj", "{80840248-6D37-45E0-9948-2AA1149B6D28}"
EndProject
Project("{FAE04EC0-301F-11D3-BF4B-00C04F79EFBC}") = "CZBK.ItcastOA.IDAL", "CZBK.ItcastOA.IDAL\CZBK.ItcastOA.IDAL.csproj", "{ADAD60C0-28A1-424B-9241-13A4BCED8A3F}"
EndProject
Project("{FAE04EC0-301F-11D3-BF4B-00C04F79EFBC}") = "CZBK.ItcastOA.DALFactory", "CZBK.ItcastOA.DALFactory\CZBK.ItcastOA.DALFactory.csproj", "{BAD05DE8-C0F7-4D1F-B307-7E6B09F5C649}"
EndProject
Project("{FAE04EC0-301F-11D3-BF4B-00C04F79EFBC}") = "CZBK.ItcastOA.BLL", "CZBK.ItcastOA.BLL\CZBK.ItcastOA.BLL.csproj", "{13D72838-0B94-4C20-9A30-1126154D2AA7}"
EndProject
Project("{FAE04EC0-301F-11D3-BF4B-00C04F79EFBC}") = "CZBK.ItcastOA.IBLL", "CZBK.ItcastOA.IBLL\CZBK.ItcastOA.IBLL.csproj", "{4DECC0AE-3AE3-4687-BADE-E292608FCC48}"
EndProject
Project("{FAE04EC0-301F-11D3-BF4B-00C04F79EFBC}") = "CZBK.ItcastOA.WebApp", "CZBK.ItcastOA.WebApp\CZBK.ItcastOA.WebApp.csproj", "{331B8C76-01CA-4144-A24D-F0B57002E963}"
EndProject
Global
	GlobalSection(SolutionConfigurationPlatforms) = preSolution
		Debug|Any CPU = Debug|Any CPU
		Debug|ARM = Debug|ARM
		Debug|ARM64 = Debug|ARM64
		Debug|x64 = Debug|x64
		Debug|x86 = Debug|x86
		Release|Any CPU = Release|Any CPU
		Release|ARM = Release|ARM
		Release|ARM64 = Release|ARM64
		Release|x64 = Release|x64
		Release|x86 = Release|x86
	EndGlobalSection
	GlobalSection(ProjectConfigurationPlatforms) = postSolution
		{436D3060-B250-4001-B5A4-26684B07F27B}.Debug|Any CPU.ActiveCfg = Debug|Any CPU
		{436D3060-B250-4001-B5A4-26684B07F27B}.Debug|Any CPU.Build.0 = Debug|Any CPU
		{436D3060-B250-4001-B5A4-26684B07F27B}.Debug|ARM.ActiveCfg = Debug|Any CPU
		{436D3060-B250-4001-B5A4-26684B07F27B}.Debug|ARM.Build.0 = Debug|Any CPU
		{436D3060-B250-4001-B5A4-26684B07F27B}.Debug|ARM64.ActiveCfg = Debug|Any CPU
		{436D3060-B250-4001-B5A4-26684B07F27B}.Debug|ARM64.Build.0 = Debug|Any CPU
		{436D3060-B250-4001-B5A4-26684B07F27B}.Debug|x64.ActiveCfg = Debug|Any CPU
		{436D3060-B250-4001-B5A4-26684B07F27B}.Debug|x64.Build.0 = Debug|Any CPU
		{436D3060-B250-4001-B5A4-26684B07F27B}.Debug|x86.ActiveCfg = Debug|Any CPU
		{436D3060-B250-4001-B5A4-26684B07F27B}.Debug|x86.Build.0 = Debug|Any CPU
		{436D3060-B250-4001-B5A4-26684B07F27B}.Release|Any CPU.ActiveCfg = Release|Any CPU
		{436D3060-B250-4001-B5A4-26684B07F27B}.Release|Any CPU.Build.0 = Release|Any CPU
		{436D3060-B250-4001-B5A4-26684B07F27B}.Release|ARM.ActiveCfg = Release|Any CPU
		{436D3060-B250-4001-B5A4-26684B07F27B}.Release|ARM.Build.0 = Release|Any CPU
		{436D3060-B250-4001-B5A4-26684B07F27B}.Release|ARM64.ActiveCfg = Release|Any CPU
		{436D3060-B250-4001-B5A4-26684B07F27B}.Release|ARM64.Build.0 = Release|Any CPU
		{436D3060-B250-4001-B5A4-26684B07F27B}.Release|x64.ActiveCfg = Release|Any CPU
		{436D3060-B250-4001-B5A4-26684B07F27B}.Release|x64.Build.0 = Release|Any CPU
		{436D3060-B250-4001-B5A4-26684B07F27B}.Release|x86.ActiveCfg = Release|Any CPU
		{436D3060-B250-4001-B5A4-26684B07F27B}.Release|x86.Build.0 = Release|Any CPU
		{E641D94E-6735-47F8-9D3C-224CF0C9F692}.Debug|Any CPU.ActiveCfg = Debug|Any CPU
		{E641D94E-6735-47F8-9D3C-224CF0C9F692}.Debug|Any CPU.Build.0 = Debug|Any CPU
		{E641D94E-6735-47F8-9D3C-224CF0C9F692}.Debug|ARM.ActiveCfg = Debug|Any CPU
		{E641D94E-6735-47F8-9D3C-224CF0C9F692}.Debug|ARM.Build.0 = Debug|Any CPU
		{E641D94E-6735-47F8-9D3C-224CF0C9F692}.Debug|ARM64.ActiveCfg = Debug|Any CPU
		{E641D94E-6735-47F8-9D3C-224CF0C9F692}.Debug|ARM64.Build.0 = Debug|Any CPU
		{E641D94E-6735-47F8-9D3C-224CF0C9F692}.Debug|x64.ActiveCfg = Debug|Any CPU
		{E641D94E-6735-47F8-9D3C-224CF0C9F692}.Debug|x64.Build.0 = Debug|Any CPU
		{E641D94E-6735-47F8-9D3C-224CF0C9F692}.Debug|x86.ActiveCfg = Debug|Any CPU
		{E641D94E-6735-47F8-9D3C-224CF0C9F692}.Debug|x86.Build.0 = Debug|Any CPU
		{E641D94E-6735-47F8-9D3C-224CF0C9F692}.Release|Any CPU.ActiveCfg = Release|Any CPU
		{E641D94E-6735-47F8-9D3C-224CF0C9F692}.Release|Any CPU.Build.0 = Release|Any CPU
		{E641D94E-6735-47F8-9D3C-224CF0C9F692}.Release|ARM.ActiveCfg = Release|Any CPU
		{E641D94E-6735-47F8-9D3C-224CF0C9F692}.Release|ARM.Build.0 = Release|Any CPU
		{E641D94E-6735-47F8-9D3C-224CF0C9F692}.Release|ARM64.ActiveCfg = Release|Any CPU
		{E641D94E-6735-47F8-9D3C-224CF0C9F692}.Release|ARM64.Build.0 = Release|Any CPU
		{E641D94E-6735-47F8-9D3C-224CF0C9F692}.Release|x64.ActiveCfg = Release|Any CPU
		{E641D94E-6735-47F8-9D3C-224CF0C9F692}.Release|x64.Build.0 = Release|Any CPU
		{E641D94E-6735-47F8-9D3C-224CF0C9F692}.Release|x86.ActiveCfg = Release|Any CPU
		{E641D94E-6735-47F8-9D3C-224CF0C9F692}.Release|x86.Build.0 = Release|Any CPU
		{80840248-6D37-45E0-9948-2AA1149B6D28}.Debug|Any CPU.ActiveCfg = Debug|Any CPU
		{80840248-6D37-45E0-9948-2AA1149B6D28}.Debug|Any CPU.Build.0 = Debug|Any CPU
		{80840248-6D37-45E0-9948-2AA1149B6D28}.Debug|ARM.ActiveCfg = Debug|Any CPU
		{80840248-6D37-45E0-9948-2AA1149B6D28}.Debug|ARM.Build.0 = Debug|Any CPU
		{80840248-6D37-45E0-9948-2AA1149B6D28}.Debug|ARM64.ActiveCfg = Debug|Any CPU
		{80840248-6D37-45E0-9948-2AA1149B6D28}.Debug|ARM64.Build.0 = Debug|Any CPU
		{80840248-6D37-45E0-9948-2AA1149B6D28}.Debug|x64.ActiveCfg = Debug|Any CPU
		{80840248-6D37-45E0-9948-2AA1149B6D28}.Debug|x64.Build.0 = Debug|Any CPU
		{80840248-6D37-45E0-9948-2AA1149B6D28}.Debug|x86.ActiveCfg = Debug|Any CPU
		{80840248-6D37-45E0-9948-2AA1149B6D28}.Debug|x86.Build.0 = Debug|Any CPU
		{80840248-6D37-45E0-9948-2AA1149B6D28}.Release|Any CPU.ActiveCfg = Release|Any CPU
		{80840248-6D37-45E0-9948-2AA1149B6D28}.Release|Any CPU.Build.0 = Release|Any CPU
		{80840248-6D37-45E0-9948-2AA1149B6D28}.Release|ARM.ActiveCfg = Release|Any CPU
		{80840248-6D37-45E0-9948-2AA1149B6D28}.Release|ARM.Build.0 = Release|Any CPU
		{80840248-6D37-45E0-9948-2AA1149B6D28}.Release|ARM64.ActiveCfg = Release|Any CPU
		{80840248-6D37-45E0-9948-2AA1149B6D28}.Release|ARM64.Build.0 = Release|Any CPU
		{80840248-6D37-45E0-9948-2AA1149B6D28}.Release|x64.ActiveCfg = Release|Any CPU
		{80840248-6D37-45E0-9948-2AA1149B6D28}.Release|x64.Build.0 = Release|Any CPU
		{80840248-6D37-45E0-9948-2AA1149B6D28}.Release|x86.ActiveCfg = Release|Any CPU
		{80840248-6D37-45E0-9948-2AA1149B6D28}.Release|x86.Build.0 = Release|Any CPU
		{ADAD60C0-28A1-424B-9241-13A4BCED8A3F}.Debug|Any CPU.ActiveCfg = Debug|Any CPU
		{ADAD60C0-28A1-424B-9241-13A4BCED8A3F}.Debug|Any CPU.Build.0 = Debug|Any CPU
		{ADAD60C0-28A1-424B-9241-13A4BCED8A3F}.Debug|ARM.ActiveCfg = Debug|Any CPU
		{ADAD60C0-28A1-424B-9241-13A4BCED8A3F}.Debug|ARM.Build.0 = Debug|Any CPU
		{ADAD60C0-28A1-424B-9241-13A4BCED8A3F}.Debug|ARM64.ActiveCfg = Debug|Any CPU
		{ADAD60C0-28A1-424B-9241-13A4BCED8A3F}.Debug|ARM64.Build.0 = Debug|Any CPU
		{ADAD60C0-28A1-424B-9241-13A4BCED8A3F}.Debug|x64.ActiveCfg = Debug|Any CPU
		{ADAD60C0-28A1-424B-9241-13A4BCED8A3F}.Debug|x64.Build.0 = Debug|Any CPU
		{ADAD60C0-28A1-424B-9241-13A4BCED8A3F}.Debug|x86.ActiveCfg = Debug|Any CPU
		{ADAD60C0-28A1-424B-9241-13A4BCED8A3F}.Debug|x86.Build.0 = Debug|Any CPU
		{ADAD60C0-28A1-424B-9241-13A4BCED8A3F}.Release|Any CPU.ActiveCfg = Release|Any CPU
		{ADAD60C0-28A1-424B-9241-13A4BCED8A3F}.Release|Any CPU.Build.0 = Release|Any CPU
		{ADAD60C0-28A1-424B-9241-13A4BCED8A3F}.Release|ARM.ActiveCfg = Release|Any CPU
		{ADAD60C0-28A1-424B-9241-13A4BCED8A3F}.Release|ARM.Build.0 = Release|Any CPU
		{ADAD60C0-28A1-424B-9241-13A4BCED8A3F}.Release|ARM64.ActiveCfg = Release|Any CPU
		{ADAD60C0-28A1-424B-9241-13A4BCED8A3F}.Release|ARM64.Build.0 = Release|Any CPU
		{ADAD60C0-28A1-424B-9241-13A4BCED8A3F}.Release|x64.ActiveCfg = Release|Any CPU
		{ADAD60C0-28A1-424B-9241-13A4BCED8A3F}.Release|x64.Build.0 = Release|Any CPU
		{ADAD60C0-28A1-424B-9241-13A4BCED8A3F}.Release|x86.ActiveCfg = Release|Any CPU
		{ADAD60C0-28A1-424B-9241-13A4BCED8A3F}.Release|x86.Build.0 = Release|Any CPU
		{BAD05DE8-C0F7-4D1F-B307-7E6B09F5C649}.Debug|Any CPU.ActiveCfg = Debug|Any CPU
		{BAD05DE8-C0F7-4D1F-B307-7E6B09F5C649}.Debug|Any CPU.Build.0 = Debug|Any CPU
		{BAD05DE8-C0F7-4D1F-B307-7E6B09F5C649}.Debug|ARM.ActiveCfg = Debug|Any CPU
		{BAD05DE8-C0F7-4D1F-B307-7E6B09F5C649}.Debug|ARM.Build.0 = Debug|Any CPU
		{BAD05DE8-C0F7-4D1F-B307-7E6B09F5C649}.Debug|ARM64.ActiveCfg = Debug|Any CPU
		{BAD05DE8-C0F7-4D1F-B307-7E6B09F5C649}.Debug|ARM64.Build.0 = Debug|Any CPU
		{BAD05DE8-C0F7-4D1F-B307-7E6B09F5C649}.Debug|x64.ActiveCfg = Debug|Any CPU
		{BAD05DE8-C0F7-4D1F-B307-7E6B09F5C649}.Debug|x64.Build.0 = Debug|Any CPU
		{BAD05DE8-C0F7-4D1F-B307-7E6B09F5C649}.Debug|x86.ActiveCfg = Debug|Any CPU
		{BAD05DE8-C0F7-4D1F-B307-7E6B09F5C649}.Debug|x86.Build.0 = Debug|Any CPU
		{BAD05DE8-C0F7-4D1F-B307-7E6B09F5C649}.Release|Any CPU.ActiveCfg = Release|Any CPU
		{BAD05DE8-C0F7-4D1F-B307-7E6B09F5C649}.Release|Any CPU.Build.0 = Release|Any CPU
		{BAD05DE8-C0F7-4D1F-B307-7E6B09F5C649}.Release|ARM.ActiveCfg = Release|Any CPU
		{BAD05DE8-C0F7-4D1F-B307-7E6B09F5C649}.Release|ARM.Build.0 = Release|Any CPU
		{BAD05DE8-C0F7-4D1F-B307-7E6B09F5C649}.Release|ARM64.ActiveCfg = Release|Any CPU
		{BAD05DE8-C0F7-4D1F-B307-7E6B09F5C649}.Release|ARM64.Build.0 = Release|Any CPU
		{BAD05DE8-C0F7-4D1F-B307-7E6B09F5C649}.Release|x64.ActiveCfg = Release|Any CPU
		{BAD05DE8-C0F7-4D1F-B307-7E6B09F5C649}.Release|x64.Build.0 = Release|Any CPU
		{BAD05DE8-C0F7-4D1F-B307-7E6B09F5C649}.Release|x86.ActiveCfg = Release|Any CPU
		{BAD05DE8-C0F7-4D1F-B307-7E6B09F5C649}.Release|x86.Build.0 = Release|Any CPU
		{13D72838-0B94-4C20-9A30-1126154D2AA7}.Debug|Any CPU.ActiveCfg = Debug|Any CPU
		{13D72838-0B94-4C20-9A30-1126154D2AA7}.Debug|Any CPU.Build.0 = Debug|Any CPU
		{13D72838-0B94-4C20-9A30-1126154D2AA7}.Debug|ARM.ActiveCfg = Debug|Any CPU
		{13D72838-0B94-4C20-9A30-1126154D2AA7}.Debug|ARM.Build.0 = Debug|Any CPU
		{13D72838-0B94-4C20-9A30-1126154D2AA7}.Debug|ARM64.ActiveCfg = Debug|Any CPU
		{13D72838-0B94-4C20-9A30-1126154D2AA7}.Debug|ARM64.Build.0 = Debug|Any CPU
		{13D72838-0B94-4C20-9A30-1126154D2AA7}.Debug|x64.ActiveCfg = Debug|Any CPU
		{13D72838-0B94-4C20-9A30-1126154D2AA7}.Debug|x64.Build.0 = Debug|Any CPU
		{13D72838-0B94-4C20-9A30-1126154D2AA7}.Debug|x86.ActiveCfg = Debug|Any CPU
		{13D72838-0B94-4C20-9A30-1126154D2AA7}.Debug|x86.Build.0 = Debug|Any CPU
		{13D72838-0B94-4C20-9A30-1126154D2AA7}.Release|Any CPU.ActiveCfg = Release|Any CPU
		{13D72838-0B94-4C20-9A30-1126154D2AA7}.Release|Any CPU.Build.0 = Release|Any CPU
		{13D72838-0B94-4C20-9A30-1126154D2AA7}.Release|ARM.ActiveCfg = Release|Any CPU
		{13D72838-0B94-4C20-9A30-1126154D2AA7}.Release|ARM.Build.0 = Release|Any CPU
		{13D72838-0B94-4C20-9A30-1126154D2AA7}.Release|ARM64.ActiveCfg = Release|Any CPU
		{13D72838-0B94-4C20-9A30-1126154D2AA7}.Release|ARM64.Build.0 = Release|Any CPU
		{13D72838-0B94-4C20-9A30-1126154D2AA7}.Release|x64.ActiveCfg = Release|Any CPU
		{13D72838-0B94-4C20-9A30-1126154D2AA7}.Release|x64.Build.0 = Release|Any CPU
		{13D72838-0B94-4C20-9A30-1126154D2AA7}.Release|x86.ActiveCfg = Release|Any CPU
		{13D72838-0B94-4C20-9A30-1126154D2AA7}.Release|x86.Build.0 = Release|Any CPU
		{4DECC0AE-3AE3-4687-BADE-E292608FCC48}.Debug|Any CPU.ActiveCfg = Debug|Any CPU
		{4DECC0AE-3AE3-4687-BADE-E292608FCC48}.Debug|Any CPU.Build.0 = Debug|Any CPU
		{4DECC0AE-3AE3-4687-BADE-E292608FCC48}.Debug|ARM.ActiveCfg = Debug|Any CPU
		{4DECC0AE-3AE3-4687-BADE-E292608FCC48}.Debug|ARM.Build.0 = Debug|Any CPU
		{4DECC0AE-3AE3-4687-BADE-E292608FCC48}.Debug|ARM64.ActiveCfg = Debug|Any CPU
		{4DECC0AE-3AE3-4687-BADE-E292608FCC48}.Debug|ARM64.Build.0 = Debug|Any CPU
		{4DECC0AE-3AE3-4687-BADE-E292608FCC48}.Debug|x64.ActiveCfg = Debug|Any CPU
		{4DECC0AE-3AE3-4687-BADE-E292608FCC48}.Debug|x64.Build.0 = Debug|Any CPU
		{4DECC0AE-3AE3-4687-BADE-E292608FCC48}.Debug|x86.ActiveCfg = Debug|Any CPU
		{4DECC0AE-3AE3-4687-BADE-E292608FCC48}.Debug|x86.Build.0 = Debug|Any CPU
		{4DECC0AE-3AE3-4687-BADE-E292608FCC48}.Release|Any CPU.ActiveCfg = Release|Any CPU
		{4DECC0AE-3AE3-4687-BADE-E292608FCC48}.Release|Any CPU.Build.0 = Release|Any CPU
		{4DECC0AE-3AE3-4687-BADE-E292608FCC48}.Release|ARM.ActiveCfg = Release|Any CPU
		{4DECC0AE-3AE3-4687-BADE-E292608FCC48}.Release|ARM.Build.0 = Release|Any CPU
		{4DECC0AE-3AE3-4687-BADE-E292608FCC48}.Release|ARM64.ActiveCfg = Release|Any CPU
		{4DECC0AE-3AE3-4687-BADE-E292608FCC48}.Release|ARM64.Build.0 = Release|Any CPU
		{4DECC0AE-3AE3-4687-BADE-E292608FCC48}.Release|x64.ActiveCfg = Release|Any CPU
		{4DECC0AE-3AE3-4687-BADE-E292608FCC48}.Release|x64.Build.0 = Release|Any CPU
		{4DECC0AE-3AE3-4687-BADE-E292608FCC48}.Release|x86.ActiveCfg = Release|Any CPU
		{4DECC0AE-3AE3-4687-BADE-E292608FCC48}.Release|x86.Build.0 = Release|Any CPU
		{331B8C76-01CA-4144-A24D-F0B57002E963}.Debug|Any CPU.ActiveCfg = Debug|Any CPU
		{331B8C76-01CA-4144-A24D-F0B57002E963}.Debug|Any CPU.Build.0 = Debug|Any CPU
		{331B8C76-01CA-4144-A24D-F0B57002E963}.Debug|ARM.ActiveCfg = Debug|Any CPU
		{331B8C76-01CA-4144-A24D-F0B57002E963}.Debug|ARM.Build.0 = Debug|Any CPU
		{331B8C76-01CA-4144-A24D-F0B57002E963}.Debug|ARM64.ActiveCfg = Debug|Any CPU
		{331B8C76-01CA-4144-A24D-F0B57002E963}.Debug|ARM64.Build.0 = Debug|Any CPU
		{331B8C76-01CA-4144-A24D-F0B57002E963}.Debug|x64.ActiveCfg = Debug|Any CPU
		{331B8C76-01CA-4144-A24D-F0B57002E963}.Debug|x64.Build.0 = Debug|Any CPU
		{331B8C76-01CA-4144-A24D-F0B57002E963}.Debug|x86.ActiveCfg = Debug|Any CPU
		{331B8C76-01CA-4144-A24D-F0B57002E963}.Debug|x86.Build.0 = Debug|Any CPU
		{331B8C76-01CA-4144-A24D-F0B57002E963}.Release|Any CPU.ActiveCfg = Release|Any CPU
		{331B8C76-01CA-4144-A24D-F0B57002E963}.Release|Any CPU.Build.0 = Release|Any CPU
		{331B8C76-01CA-4144-A24D-F0B57002E963}.Release|ARM.ActiveCfg = Release|Any CPU
		{331B8C76-01CA-4144-A24D-F0B57002E963}.Release|ARM.Build.0 = Release|Any CPU
		{331B8C76-01CA-4144-A24D-F0B57002E963}.Release|ARM64.ActiveCfg = Release|Any CPU
		{331B8C76-01CA-4144-A24D-F0B57002E963}.Release|ARM64.Build.0 = Release|Any CPU
		{331B8C76-01CA-4144-A24D-F0B57002E963}.Release|x64.ActiveCfg = Release|Any CPU
		{331B8C76-01CA-4144-A24D-F0B57002E963}.Release|x64.Build.0 = Release|Any CPU
		{331B8C76-01CA-4144-A24D-F0B57002E963}.Release|x86.ActiveCfg = Release|Any CPU
		{331B8C76-01CA-4144-A24D-F0B57002E963}.Release|x86.Build.0 = Release|Any CPU
	EndGlobalSection
	GlobalSection(SolutionProperties) = preSolution
		HideSolutionNode = FALSE
	EndGlobalSection
	GlobalSection(ExtensibilityGlobals) = postSolution
		SolutionGuid = {C9611752-CB0D-47B8-8CD7-0E7CA80B9381}
	EndGlobalSection
EndGlobal
